
Microsoft Visual Studio Solution File, Format Version 12.00
# Visual Studio Express 2013 for Windows Desktop
VisualStudioVersion = 12.0.21005.1
MinimumVisualStudioVersion = 10.0.40219.1
Project("{FAE04EC0-301F-11D3-BF4B-00C04F79EFBC}") = "Xbox360Game1", "Xbox360Game1\Xbox360Game1\Xbox360Game1.csproj", "{8FC98DF0-B93F-4B72-AFAB-9A3988AA03A8}"
EndProject
Project("{96E2B04D-8817-42C6-938A-82C39BA4D311}") = "Xbox360Game1Content", "Xbox360Game1\Xbox360Game1Content\Xbox360Game1Content.contentproj", "{CA4FE35F-37B1-4D3E-9AA4-40FB051798F1}"
EndProject
Global
	GlobalSection(SolutionConfigurationPlatforms) = preSolution
		Debug|Xbox 360 = Debug|Xbox 360
		Release|Xbox 360 = Release|Xbox 360
	EndGlobalSection
	GlobalSection(ProjectConfigurationPlatforms) = postSolution
		{8FC98DF0-B93F-4B72-AFAB-9A3988AA03A8}.Debug|Xbox 360.ActiveCfg = Debug|Xbox 360
		{8FC98DF0-B93F-4B72-AFAB-9A3988AA03A8}.Debug|Xbox 360.Build.0 = Debug|Xbox 360
		{8FC98DF0-B93F-4B72-AFAB-9A3988AA03A8}.Debug|Xbox 360.Deploy.0 = Debug|Xbox 360
		{8FC98DF0-B93F-4B72-AFAB-9A3988AA03A8}.Release|Xbox 360.ActiveCfg = Release|Xbox 360
		{8FC98DF0-B93F-4B72-AFAB-9A3988AA03A8}.Release|Xbox 360.Build.0 = Release|Xbox 360
		{8FC98DF0-B93F-4B72-AFAB-9A3988AA03A8}.Release|Xbox 360.Deploy.0 = Release|Xbox 360
		{CA4FE35F-37B1-4D3E-9AA4-40FB051798F1}.Debug|Xbox 360.ActiveCfg = Debug|Xbox 360
		{CA4FE35F-37B1-4D3E-9AA4-40FB051798F1}.Release|Xbox 360.ActiveCfg = Release|Xbox 360
	EndGlobalSection
	GlobalSection(SolutionProperties) = preSolution
		HideSolutionNode = FALSE
	EndGlobalSection
EndGlobal
